// !$*UTF8*$!
{
	archiveVersion = 1;
	classes = {
	};
	objectVersion = 50;
	objects = {

/* Begin PBXBuildFile section */
		975DA041231CF56000DF8BFB /* AppDelegate.m in Sources */ = {isa = PBXBuildFile; fileRef = 975DA040231CF56000DF8BFB /* AppDelegate.m */; };
		975DA044231CF56000DF8BFB /* ViewController.m in Sources */ = {isa = PBXBuildFile; fileRef = 975DA043231CF56000DF8BFB /* ViewController.m */; };
		975DA047231CF56000DF8BFB /* Main.storyboard in Resources */ = {isa = PBXBuildFile; fileRef = 975DA045231CF56000DF8BFB /* Main.storyboard */; };
		975DA049231CF56100DF8BFB /* Assets.xcassets in Resources */ = {isa = PBXBuildFile; fileRef = 975DA048231CF56100DF8BFB /* Assets.xcassets */; };
		975DA04C231CF56100DF8BFB /* LaunchScreen.storyboard in Resources */ = {isa = PBXBuildFile; fileRef = 975DA04A231CF56100DF8BFB /* LaunchScreen.storyboard */; };
		975DA04F231CF56100DF8BFB /* main.m in Sources */ = {isa = PBXBuildFile; fileRef = 975DA04E231CF56100DF8BFB /* main.m */; };
/* End PBXBuildFile section */

/* Begin PBXFileReference section */
		975DA03C231CF56000DF8BFB /* SimpleTabbarController.app */ = {isa = PBXFileReference; explicitFileType = wrapper.application; includeInIndex = 0; path = SimpleTabbarController.app; sourceTree = BUILT_PRODUCTS_DIR; };
		975DA03F231CF56000DF8BFB /* AppDelegate.h */ = {isa = PBXFileReference; lastKnownFileType = sourcecode.c.h; path = AppDelegate.h; sourceTree = "<group>"; };
		975DA040231CF56000DF8BFB /* AppDelegate.m */ = {isa = PBXFileReference; lastKnownFileType = sourcecode.c.objc; path = AppDelegate.m; sourceTree = "<group>"; };
		975DA042231CF56000DF8BFB /* ViewController.h */ = {isa = PBXFileReference; lastKnownFileType = sourcecode.c.h; path = ViewController.h; sourceTree = "<group>"; };
		975DA043231CF56000DF8BFB /* ViewController.m */ = {isa = PBXFileReference; lastKnownFileType = sourcecode.c.objc; path = ViewController.m; sourceTree = "<group>"; };
		975DA046231CF56000DF8BFB /* Base */ = {isa = PBXFileReference; lastKnownFileType = file.storyboard; name = Base; path = Base.lproj/Main.storyboard; sourceTree = "<group>"; };
		975DA048231CF56100DF8BFB /* Assets.xcassets */ = {isa = PBXFileReference; lastKnownFileType = folder.assetcatalog; path = Assets.xcassets; sourceTree = "<group>"; };
		975DA04B231CF56100DF8BFB /* Base */ = {isa = PBXFileReference; lastKnownFileType = file.storyboard; name = Base; path = Base.lproj/LaunchScreen.storyboard; sourceTree = "<group>"; };
		975DA04D231CF56100DF8BFB /* Info.plist */ = {isa = PBXFileReference; lastKnownFileType = text.plist.xml; path = Info.plist; sourceTree = "<group>"; };
		975DA04E231CF56100DF8BFB /* main.m */ = {isa = PBXFileReference; lastKnownFileType = sourcecode.c.objc; path = main.m; sourceTree = "<group>"; };
/* End PBXFileReference section */

/* Begin PBXFrameworksBuildPhase section */
		975DA039231CF56000DF8BFB /* Frameworks */ = {
			isa = PBXFrameworksBuildPhase;
			buildActionMask = 2147483647;
			files = (
			);
			runOnlyForDeploymentPostprocessing = 0;
		};
/* End PBXFrameworksBuildPhase section */

/* Begin PBXGroup section */
		975DA033231CF56000DF8BFB = {
			isa = PBXGroup;
			children = (
				975DA03E231CF56000DF8BFB /* SimpleTabbarController */,
				975DA03D231CF56000DF8BFB /* Products */,
			);
			sourceTree = "<group>";
		};
		975DA03D231CF56000DF8BFB /* Products */ = {
			isa = PBXGroup;
			children = (
				975DA03C231CF56000DF8BFB /* SimpleTabbarController.app */,
			);
			name = Products;
			sourceTree = "<group>";
		};
		975DA03E231CF56000DF8BFB /* SimpleTabbarController */ = {
			isa = PBXGroup;
			children = (
				975DA03F231CF56000DF8BFB /* AppDelegate.h */,
				975DA040231CF56000DF8BFB /* AppDelegate.m */,
				975DA042231CF56000DF8BFB /* ViewController.h */,
				975DA043231CF56000DF8BFB /* ViewController.m */,
				975DA045231CF56000DF8BFB /* Main.storyboard */,
				975DA048231CF56100DF8BFB /* Assets.xcassets */,
				975DA04A231CF56100DF8BFB /* LaunchScreen.storyboard */,
				975DA04D231CF56100DF8BFB /* Info.plist */,
				975DA04E231CF56100DF8BFB /* main.m */,
			);
			path = SimpleTabbarController;
			sourceTree = "<group>";
		};
/* End PBXGroup section */

/* Begin PBXNativeTarget section */
		975DA03B231CF56000DF8BFB /* SimpleTabbarController */ = {
			isa = PBXNativeTarget;
			buildConfigurationList = 975DA052231CF56100DF8BFB /* Build configuration list for PBXNativeTarget "SimpleTabbarController" */;
			buildPhases = (
				975DA038231CF56000DF8BFB /* Sources */,
				975DA039231CF56000DF8BFB /* Frameworks */,
				975DA03A231CF56000DF8BFB /* Resources */,
			);
			buildRules = (
			);
			dependencies = (
			);
			name = SimpleTabbarController;
			productName = SimpleTabbarController;
			productReference = 975DA03C231CF56000DF8BFB /* SimpleTabbarController.app */;
			productType = "com.apple.product-type.application";
		};
/* End PBXNativeTarget section */

/* Begin PBXProject section */
		975DA034231CF56000DF8BFB /* Project object */ = {
			isa = PBXProject;
			attributes = {
				LastUpgradeCheck = 1030;
				ORGANIZATIONNAME = songwentao;
				TargetAttributes = {
					975DA03B231CF56000DF8BFB = {
						CreatedOnToolsVersion = 10.3;
					};
				};
			};
			buildConfigurationList = 975DA037231CF56000DF8BFB /* Build configuration list for PBXProject "SimpleTabbarController" */;
			compatibilityVersion = "Xcode 9.3";
			developmentRegion = en;
			hasScannedForEncodings = 0;
			knownRegions = (
				en,
				Base,
			);
			mainGroup = 975DA033231CF56000DF8BFB;
			productRefGroup = 975DA03D231CF56000DF8BFB /* Products */;
			projectDirPath = "";
			projectRoot = "";
			targets = (
				975DA03B231CF56000DF8BFB /* SimpleTabbarController */,
			);
		};
/* End PBXProject section */

/* Begin PBXResourcesBuildPhase section */
		975DA03A231CF56000DF8BFB /* Resources */ = {
			isa = PBXResourcesBuildPhase;
			buildActionMask = 2147483647;
			files = (
				975DA04C231CF56100DF8BFB /* LaunchScreen.storyboard in Resources */,
				975DA049231CF56100DF8BFB /* Assets.xcassets in Resources */,
				975DA047231CF56000DF8BFB /* Main.storyboard in Resources */,
			);
			runOnlyForDeploymentPostprocessing = 0;
		};
/* End PBXResourcesBuildPhase section */

/* Begin PBXSourcesBuildPhase section */
		975DA038231CF56000DF8BFB /* Sources */ = {
			isa = PBXSourcesBuildPhase;
			buildActionMask = 2147483647;
			files = (
				975DA044231CF56000DF8BFB /* ViewController.m in Sources */,
				975DA04F231CF56100DF8BFB /* main.m in Sources */,
				975DA041231CF56000DF8BFB /* AppDelegate.m in Sources */,
			);
			runOnlyForDeploymentPostprocessing = 0;
		};
/* End PBXSourcesBuildPhase section */

/* Begin PBXVariantGroup section */
		975DA045231CF56000DF8BFB /* Main.storyboard */ = {
			isa = PBXVariantGroup;
			children = (
				975DA046231CF56000DF8BFB /* Base */,
			);
			name = Main.storyboard;
			sourceTree = "<group>";
		};
		975DA04A231CF56100DF8BFB /* LaunchScreen.storyboard */ = {
			isa = PBXVariantGroup;
			children = (
				975DA04B231CF56100DF8BFB /* Base */,
			);
			name = LaunchScreen.storyboard;
			sourceTree = "<group>";
		};
/* End PBXVariantGroup section */

/* Begin XCBuildConfiguration section */
		975DA050231CF56100DF8BFB /* Debug */ = {
			isa = XCBuildConfiguration;
			buildSettings = {
				ALWAYS_SEARCH_USER_PATHS = NO;
				CLANG_ANALYZER_NONNULL = YES;
				CLANG_ANALYZER_NUMBER_OBJECT_CONVERSION = YES_AGGRESSIVE;
				CLANG_CXX_LANGUAGE_STANDARD = "gnu++14";
				CLANG_CXX_LIBRARY = "libc++";
				CLANG_ENABLE_MODULES = YES;
				CLANG_ENABLE_OBJC_ARC = YES;
				CLANG_ENABLE_OBJC_WEAK = YES;
				CLANG_WARN_BLOCK_CAPTURE_AUTORELEASING = YES;
				CLANG_WARN_BOOL_CONVERSION = YES;
				CLANG_WARN_COMMA = YES;
				CLANG_WARN_CONSTANT_CONVERSION = YES;
				CLANG_WARN_DEPRECATED_OBJC_IMPLEMENTATIONS = YES;
				CLANG_WARN_DIRECT_OBJC_ISA_USAGE = YES_ERROR;
				CLANG_WARN_DOCUMENTATION_COMMENTS = YES;
				CLANG_WARN_EMPTY_BODY = YES;
				CLANG_WARN_ENUM_CONVERSION = YES;
				CLANG_WARN_INFINITE_RECURSION = YES;
				CLANG_WARN_INT_CONVERSION = YES;
				CLANG_WARN_NON_LITERAL_NULL_CONVERSION = YES;
				CLANG_WARN_OBJC_IMPLICIT_RETAIN_SELF = YES;
				CLANG_WARN_OBJC_LITERAL_CONVERSION = YES;
				CLANG_WARN_OBJC_ROOT_CLASS = YES_ERROR;
				CLANG_WARN_RANGE_LOOP_ANALYSIS = YES;
				CLANG_WARN_STRICT_PROTOTYPES = YES;
				CLANG_WARN_SUSPICIOUS_MOVE = YES;
				CLANG_WARN_UNGUARDED_AVAILABILITY = YES_AGGRESSIVE;
				CLANG_WARN_UNREACHABLE_CODE = YES;
				CLANG_WARN__DUPLICATE_METHOD_MATCH = YES;
				CODE_SIGN_IDENTITY = "iPhone Developer";
				COPY_PHASE_STRIP = NO;
				DEBUG_INFORMATION_FORMAT = dwarf;
				ENABLE_STRICT_OBJC_MSGSEND = YES;
				ENABLE_TESTABILITY = YES;
				GCC_C_LANGUAGE_STANDARD = gnu11;
				GCC_DYNAMIC_NO_PIC = NO;
				GCC_NO_COMMON_BLOCKS = YES;
				GCC_OPTIMIZATION_LEVEL = 0;
				GCC_PREPROCESSOR_DEFINITIONS = (
					"DEBUG=1",
					"$(inherited)",
				);
				GCC_WARN_64_TO_32_BIT_CONVERSION = YES;
				GCC_WARN_ABOUT_RETURN_TYPE = YES_ERROR;
				GCC_WARN_UNDECLARED_SELECTOR = YES;
				GCC_WARN_UNINITIALIZED_AUTOS = YES_AGGRESSIVE;
				GCC_WARN_UNUSED_FUNCTION = YES;
				GCC_WARN_UNUSED_VARIABLE = YES;
				IPHONEOS_DEPLOYMENT_TARGET = 12.4;
				MTL_ENABLE_DEBUG_INFO = INCLUDE_SOURCE;
				MTL_FAST_MATH = YES;
				ONLY_ACTIVE_ARCH = YES;
				SDKROOT = iphoneos;
			};
			name = Debug;
		};
		975DA051231CF56100DF8BFB /* Release */ = {
			isa = XCBuildConfiguration;
			buildSettings = {
				ALWAYS_SEARCH_USER_PATHS = NO;
				CLANG_ANALYZER_NONNULL = YES;
				CLANG_ANALYZER_NUMBER_OBJECT_CONVERSION = YES_AGGRESSIVE;
				CLANG_CXX_LANGUAGE_STANDARD = "gnu++14";
				CLANG_CXX_LIBRARY = "libc++";
				CLANG_ENABLE_MODULES = YES;
				CLANG_ENABLE_OBJC_ARC = YES;
				CLANG_ENABLE_OBJC_WEAK = YES;
				CLANG_WARN_BLOCK_CAPTURE_AUTORELEASING = YES;
				CLANG_WARN_BOOL_CONVERSION = YES;
				CLANG_WARN_COMMA = YES;
				CLANG_WARN_CONSTANT_CONVERSION = YES;
				CLANG_WARN_DEPRECATED_OBJC_IMPLEMENTATIONS = YES;
				CLANG_WARN_DIRECT_OBJC_ISA_USAGE = YES_ERROR;
				CLANG_WARN_DOCUMENTATION_COMMENTS = YES;
				CLANG_WARN_EMPTY_BODY = YES;
				CLANG_WARN_ENUM_CONVERSION = YES;
				CLANG_WARN_INFINITE_RECURSION = YES;
				CLANG_WARN_INT_CONVERSION = YES;
				CLANG_WARN_NON_LITERAL_NULL_CONVERSION = YES;
				CLANG_WARN_OBJC_IMPLICIT_RETAIN_SELF = YES;
				CLANG_WARN_OBJC_LITERAL_CONVERSION = YES;
				CLANG_WARN_OBJC_ROOT_CLASS = YES_ERROR;
				CLANG_WARN_RANGE_LOOP_ANALYSIS = YES;
				CLANG_WARN_STRICT_PROTOTYPES = YES;
				CLANG_WARN_SUSPICIOUS_MOVE = YES;
				CLANG_WARN_UNGUARDED_AVAILABILITY = YES_AGGRESSIVE;
				CLANG_WARN_UNREACHABLE_CODE = YES;
				CLANG_WARN__DUPLICATE_METHOD_MATCH = YES;
				CODE_SIGN_IDENTITY = "iPhone Developer";
				COPY_PHASE_STRIP = NO;
				DEBUG_INFORMATION_FORMAT = "dwarf-with-dsym";
				ENABLE_NS_ASSERTIONS = NO;
				ENABLE_STRICT_OBJC_MSGSEND = YES;
				GCC_C_LANGUAGE_STANDARD = gnu11;
				GCC_NO_COMMON_BLOCKS = YES;
				GCC_WARN_64_TO_32_BIT_CONVERSION = YES;
				GCC_WARN_ABOUT_RETURN_TYPE = YES_ERROR;
				GCC_WARN_UNDECLARED_SELECTOR = YES;
				GCC_WARN_UNINITIALIZED_AUTOS = YES_AGGRESSIVE;
				GCC_WARN_UNUSED_FUNCTION = YES;
				GCC_WARN_UNUSED_VARIABLE = YES;
				IPHONEOS_DEPLOYMENT_TARGET = 12.4;
				MTL_ENABLE_DEBUG_INFO = NO;
				MTL_FAST_MATH = YES;
				SDKROOT = iphoneos;
				VALIDATE_PRODUCT = YES;
			};
			name = Release;
		};
		975DA053231CF56100DF8BFB /* Debug */ = {
			isa = XCBuildConfiguration;
			buildSettings = {
				ASSETCATALOG_COMPILER_APPICON_NAME = AppIcon;
				CODE_SIGN_STYLE = Automatic;
				INFOPLIST_FILE = SimpleTabbarController/Info.plist;
				LD_RUNPATH_SEARCH_PATHS = (
					"$(inherited)",
					"@executable_path/Frameworks",
				);
				PRODUCT_BUNDLE_IDENTIFIER = com.tao.tt.SimpleTabbarController;
				PRODUCT_NAME = "$(TARGET_NAME)";
				TARGETED_DEVICE_FAMILY = "1,2";
			};
			name = Debug;
		};
		975DA054231CF56100DF8BFB /* Release */ = {
			isa = XCBuildConfiguration;
			buildSettings = {
				ASSETCATALOG_COMPILER_APPICON_NAME = AppIcon;
				CODE_SIGN_STYLE = Automatic;
				INFOPLIST_FILE = SimpleTabbarController/Info.plist;
				LD_RUNPATH_SEARCH_PATHS = (
					"$(inherited)",
					"@executable_path/Frameworks",
				);
				PRODUCT_BUNDLE_IDENTIFIER = com.tao.tt.SimpleTabbarController;
				PRODUCT_NAME = "$(TARGET_NAME)";
				TARGETED_DEVICE_FAMILY = "1,2";
			};
			name = Release;
		};
/* End XCBuildConfiguration section */

/* Begin XCConfigurationList section */
		975DA037231CF56000DF8BFB /* Build configuration list for PBXProject "SimpleTabbarController" */ = {
			isa = XCConfigurationList;
			buildConfigurations = (
				975DA050231CF56100DF8BFB /* Debug */,
				975DA051231CF56100DF8BFB /* Release */,
			);
			defaultConfigurationIsVisible = 0;
			defaultConfigurationName = Release;
		};
		975DA052231CF56100DF8BFB /* Build configuration list for PBXNativeTarget "SimpleTabbarController" */ = {
			isa = XCConfigurationList;
			buildConfigurations = (
				975DA053231CF56100DF8BFB /* Debug */,
				975DA054231CF56100DF8BFB /* Release */,
			);
			defaultConfigurationIsVisible = 0;
			defaultConfigurationName = Release;
		};
/* End XCConfigurationList section */
	};
	rootObject = 975DA034231CF56000DF8BFB /* Project object */;
}
